%{
  "argon2_elixir": {:hex, :argon2_elixir, "3.1.0", "4135e0a1b4ff800d42c85aa663e068efa3cb356297189b5b65caa992db8ec8cf", [:make, :mix], [{:comeonin, "~> 5.3", [hex: :comeonin, repo: "hexpm", optional: false]}, {:elixir_make, "~> 0.6", [hex: :elixir_make, repo: "hexpm", optional: false]}], "hexpm", "c08feae0ee0292165d1b945003363c7cd8523d002e0483c627dfca930291dd73"},
  "comeonin": {:hex, :comeonin, "5.3.3", "2c564dac95a35650e9b6acfe6d2952083d8a08e4a89b93a481acb552b325892e", [:mix], [], "hexpm", "3e38c9c2cb080828116597ca8807bb482618a315bfafd98c90bc22a821cc84df"},
  "elixir_make": {:hex, :elixir_make, "0.7.7", "7128c60c2476019ed978210c245badf08b03dbec4f24d05790ef791da11aa17c", [:mix], [{:castore, "~> 0.1 or ~> 1.0", [hex: :castore, repo: "hexpm", optional: true]}], "hexpm", "5bc19fff950fad52bbe5f211b12db9ec82c6b34a9647da0c2224b8b8464c7e6c"},
}
